
Microsoft Visual Studio Solution File, Format Version 12.00
# Visual Studio Version 17
VisualStudioVersion = 17.3.32825.248
MinimumVisualStudioVersion = 10.0.40219.1
Project("{9A19103F-16F7-4668-BE54-9A1E7A4F7556}") = "MQTTnet.AspNetCore.Routing", "Source\MQTTnet.AspNetCore.Routing.csproj", "{B1CFA8BF-FEBA-4978-86A6-D052C4C44BA8}"
EndProject
Project("{9A19103F-16F7-4668-BE54-9A1E7A4F7556}") = "MQTTnet.AspNetCore.Routing.Tests", "Tests\MQTTnet.AspNetCore.Routing.Tests\MQTTnet.AspNetCore.Routing.Tests.csproj", "{2CCF4E69-E59E-470B-866D-156099731473}"
EndProject
Global
	GlobalSection(SolutionConfigurationPlatforms) = preSolution
		Debug|Any CPU = Debug|Any CPU
		Release|Any CPU = Release|Any CPU
	EndGlobalSection
	GlobalSection(ProjectConfigurationPlatforms) = postSolution
		{B1CFA8BF-FEBA-4978-86A6-D052C4C44BA8}.Debug|Any CPU.ActiveCfg = Debug|Any CPU
		{B1CFA8BF-FEBA-4978-86A6-D052C4C44BA8}.Debug|Any CPU.Build.0 = Debug|Any CPU
		{B1CFA8BF-FEBA-4978-86A6-D052C4C44BA8}.Release|Any CPU.ActiveCfg = Release|Any CPU
		{B1CFA8BF-FEBA-4978-86A6-D052C4C44BA8}.Release|Any CPU.Build.0 = Release|Any CPU
		{2CCF4E69-E59E-470B-866D-156099731473}.Debug|Any CPU.ActiveCfg = Debug|Any CPU
		{2CCF4E69-E59E-470B-866D-156099731473}.Debug|Any CPU.Build.0 = Debug|Any CPU
		{2CCF4E69-E59E-470B-866D-156099731473}.Release|Any CPU.ActiveCfg = Release|Any CPU
		{2CCF4E69-E59E-470B-866D-156099731473}.Release|Any CPU.Build.0 = Release|Any CPU
	EndGlobalSection
	GlobalSection(SolutionProperties) = preSolution
		HideSolutionNode = FALSE
	EndGlobalSection
	GlobalSection(ExtensibilityGlobals) = postSolution
		SolutionGuid = {F05C9180-6F3D-4C3B-8B68-441DB87B2EEE}
	EndGlobalSection
EndGlobal
